
Microsoft Visual Studio Solution File, Format Version 12.00
# Visual Studio Version 17
VisualStudioVersion = 17.2.32616.157
MinimumVisualStudioVersion = 10.0.40219.1
Project("{FAE04EC0-301F-11D3-BF4B-00C04F79EFBC}") = "Classwork18.03part3", "Classwork18.03part3\Classwork18.03part3.csproj", "{C5408D46-DA25-4A9D-9489-9B8520E15574}"
EndProject
Global
	GlobalSection(SolutionConfigurationPlatforms) = preSolution
		Debug|Any CPU = Debug|Any CPU
		Release|Any CPU = Release|Any CPU
	EndGlobalSection
	GlobalSection(ProjectConfigurationPlatforms) = postSolution
		{C5408D46-DA25-4A9D-9489-9B8520E15574}.Debug|Any CPU.ActiveCfg = Debug|Any CPU
		{C5408D46-DA25-4A9D-9489-9B8520E15574}.Debug|Any CPU.Build.0 = Debug|Any CPU
		{C5408D46-DA25-4A9D-9489-9B8520E15574}.Release|Any CPU.ActiveCfg = Release|Any CPU
		{C5408D46-DA25-4A9D-9489-9B8520E15574}.Release|Any CPU.Build.0 = Release|Any CPU
	EndGlobalSection
	GlobalSection(SolutionProperties) = preSolution
		HideSolutionNode = FALSE
	EndGlobalSection
	GlobalSection(ExtensibilityGlobals) = postSolution
		SolutionGuid = {857307CE-2451-4325-95B8-9AC8D883ECA7}
	EndGlobalSection
EndGlobal
